schema: '2.0'
stages:
  clean_mediqal:
    cmd: python -m src.processing.mediqal_cleaning
    deps:
    - path: config/paths.py
      hash: md5
      md5: ae0dc8a885021bd2b63e1bd6d95871c0
      size: 1472
    - path: src/processing/mediqal_cleaning.py
      hash: md5
      md5: 43243341594d2f22c71e4ae282eec606
      size: 6616
    - path: src/processing/utils_cleaning.py
      hash: md5
      md5: 66383d51abc2ce9ea372c9cb544569b5
      size: 16253
    outs:
    - path: data/processed/mediqal_dataset
      hash: md5
      md5: dd1a4a3fbc38725afa2066a9e10d15fd.dir
      size: 3863620
      nfiles: 1
  clean_medquad:
    cmd: python -m src.processing.medquad_cleaning
    deps:
    - path: config/paths.py
      hash: md5
      md5: ae0dc8a885021bd2b63e1bd6d95871c0
      size: 1472
    - path: src/processing/medquad_cleaning.py
      hash: md5
      md5: 819de12a4a2419995dc77c09bee2b0eb
      size: 2259
    - path: src/processing/utils_cleaning.py
      hash: md5
      md5: 66383d51abc2ce9ea372c9cb544569b5
      size: 16253
    outs:
    - path: data/processed/medquad_dataset
      hash: md5
      md5: 42b83e6bf80cdd04285dc1bda8bb8b15.dir
      size: 8531884
      nfiles: 1
  clean_frenchmedmcqa:
    cmd: python -m src.processing.frenchmedmcqa_cleaning
    deps:
    - path: config/paths.py
      hash: md5
      md5: ae0dc8a885021bd2b63e1bd6d95871c0
      size: 1472
    - path: src/processing/frenchmedmcqa_cleaning.py
      hash: md5
      md5: 09b661aec17daece71cb5a7ed351c905
      size: 3620
    - path: src/processing/utils_cleaning.py
      hash: md5
      md5: 66383d51abc2ce9ea372c9cb544569b5
      size: 16253
    outs:
    - path: data/processed/frenchmedmcqa_dataset
      hash: md5
      md5: 32df57a04b0d59147b6bbc8a8837a0fe.dir
      size: 82566
      nfiles: 1
  clean_ultramed:
    cmd: python -m src.processing.ultramed_cleaning
    deps:
    - path: config/paths.py
      hash: md5
      md5: ae0dc8a885021bd2b63e1bd6d95871c0
      size: 1472
    - path: src/processing/ultramed_cleaning.py
      hash: md5
      md5: f0a360f9577cce29863357d1b420cf92
      size: 5996
    - path: src/processing/utils_cleaning.py
      hash: md5
      md5: 66383d51abc2ce9ea372c9cb544569b5
      size: 16253
    outs:
    - path: data/processed/ultramed_dataset
      hash: md5
      md5: dd78091340b6aef7631dc31cff29b630.dir
      size: 377721432
      nfiles: 2
  generate_sft:
    cmd: python -m src.processing.sft_dataset.generate_sft_dataset
    deps:
    - path: config/paths.py
      hash: md5
      md5: ae0dc8a885021bd2b63e1bd6d95871c0
      size: 1472
    - path: data/processed/frenchmedmcqa_dataset
      hash: md5
      md5: 32df57a04b0d59147b6bbc8a8837a0fe.dir
      size: 82566
      nfiles: 1
    - path: data/processed/mediqal_dataset
      hash: md5
      md5: dd1a4a3fbc38725afa2066a9e10d15fd.dir
      size: 3863620
      nfiles: 1
    - path: data/processed/medquad_dataset
      hash: md5
      md5: 42b83e6bf80cdd04285dc1bda8bb8b15.dir
      size: 8531884
      nfiles: 1
    - path: data/processed/ultramed_dataset
      hash: md5
      md5: dd78091340b6aef7631dc31cff29b630.dir
      size: 377721432
      nfiles: 2
    - path: src/processing/sft_dataset/generate_sft_dataset.py
      hash: md5
      md5: fe159c77a4a418fd2307a3b2f8320896
      size: 4821
    - path: src/processing/utils_cleaning.py
      hash: md5
      md5: 66383d51abc2ce9ea372c9cb544569b5
      size: 16253
    params:
      params.yaml:
        sft.min_question_tokens: 15
        sft.random_state: 42
        sft.source_datasets:
        - mediqal_dataset/mediqal.parquet
        - frenchmedmcqa_dataset/frenchmedmcqa.parquet
        - medquad_dataset/medquad.parquet
        - ultramed_dataset/ultramed_SFT.parquet
        sft.target_samples: 5000
    outs:
    - path: data/processed/sft_dataset/sft_dataset.parquet
      hash: md5
      md5: d75b1918656f0d9f6e0b12a8d0a206d0
      size: 5444492
  generate_dpo:
    cmd: python -m src.processing.dpo_dataset.generate_dpo_dataset
    deps:
    - path: config/paths.py
      hash: md5
      md5: ae0dc8a885021bd2b63e1bd6d95871c0
      size: 1472
    - path: data/processed/ultramed_dataset
      hash: md5
      md5: dd78091340b6aef7631dc31cff29b630.dir
      size: 377721432
      nfiles: 2
    - path: src/processing/dpo_dataset/generate_dpo_dataset.py
      hash: md5
      md5: 9ee87c705327aa0ebdbb84717c463b81
      size: 2721
    - path: src/processing/utils_cleaning.py
      hash: md5
      md5: 66383d51abc2ce9ea372c9cb544569b5
      size: 16253
    params:
      params.yaml:
        dpo.random_state: 42
        dpo.source_datasets:
        - ultramed_dataset/ultramed_DPO.parquet
        dpo.target_samples: 5000
    outs:
    - path: data/processed/dpo_dataset/dpo_dataset.parquet
      hash: md5
      md5: 6218f76624f5be10f78795b557529f01
      size: 12167192
  triage_augmentation:
    cmd: python -m src.processing.triage_augmentation
    deps:
    - path: data/processed/sft_dataset/sft_dataset.parquet
      hash: md5
      md5: d75b1918656f0d9f6e0b12a8d0a206d0
      size: 5444492
    - path: src/processing/triage_augmentation.py
      hash: md5
      md5: 61001838cb18829283a8dd5d759b5dab
      size: 9666
    params:
      params.yaml:
        triage_augmentation.max_retries: 2
        triage_augmentation.model: mistral-small-latest
    outs:
    - path: data/processed/sft_dataset/sft_dataset_augmented.parquet
      hash: md5
      md5: 4bee67e12cc1c0f0c6ecfbcf2c8910ac
      size: 6034832
    - path: data/processed/sft_dataset/sft_triage_failures.parquet
      hash: md5
      md5: 1156d020869412e3929ac3b7e408cf2d
      size: 8819
  split_sft:
    cmd: python -m src.processing.sft_dataset.split_sft_dataset
    deps:
    - path: data/processed/sft_dataset/sft_dataset_augmented.parquet
      hash: md5
      md5: 4bee67e12cc1c0f0c6ecfbcf2c8910ac
      size: 6034832
    - path: src/processing/sft_dataset/split_sft_dataset.py
      hash: md5
      md5: ba6ad9756d53b40aaca079244c866615
      size: 1272
    params:
      params.yaml:
        sft.random_state: 42
        sft.test_size: 0.1
        sft.val_size: 0.2
    outs:
    - path: data/processed/sft_dataset/sft_test.parquet
      hash: md5
      md5: 082dd090ed5b1a630adf8f4cfe459e4b
      size: 636695
    - path: data/processed/sft_dataset/sft_train.parquet
      hash: md5
      md5: a9b6f3d03c03b47c2d4ffbac101c8a14
      size: 4343857
    - path: data/processed/sft_dataset/sft_val.parquet
      hash: md5
      md5: 2fccf62ae2c3c553cbe62f40b41acbd0
      size: 1240315
  split_dpo:
    cmd: python -m src.processing.dpo_dataset.split_dpo_dataset
    deps:
    - path: data/processed/dpo_dataset/dpo_dataset.parquet
      hash: md5
      md5: 6218f76624f5be10f78795b557529f01
      size: 12167192
    - path: src/processing/dpo_dataset/split_dpo_dataset.py
      hash: md5
      md5: e3fc6aea06047dcfae7b032729212ea6
      size: 1296
    params:
      params.yaml:
        dpo.random_state: 42
        dpo.test_size: 0.1
        dpo.val_size: 0.2
    outs:
    - path: data/processed/dpo_dataset/dpo_test.parquet
      hash: md5
      md5: 481bbebddf8252b9e1d3b10e1c96821a
      size: 1208959
    - path: data/processed/dpo_dataset/dpo_train.parquet
      hash: md5
      md5: 49e4e71cb2f8fcad6f81a9864c0d459a
      size: 8582050
    - path: data/processed/dpo_dataset/dpo_val.parquet
      hash: md5
      md5: 88d8b26b848dfd10d6f6638b429cf03e
      size: 2420159
