schema: '2.0'
stages:
  clean_mediqal:
    cmd: python -m src.processing.mediqal_cleaning
    deps:
    - path: config/paths.py
      hash: md5
      md5: 7638e9d09281a203e700cb3da8c73596
      size: 325
    - path: src/processing/mediqal_cleaning.py
      hash: md5
      md5: cf2ba90ebe8a708a6baff95a035b4268
      size: 6547
    - path: src/processing/utils_cleaning.py
      hash: md5
      md5: 71dad86850b16c29c59d378497a4240d
      size: 13086
    outs:
    - path: data/processed/mediqal_dataset
      hash: md5
      md5: ed04e7a6cb5b5bdfbcddc1b6889d79b9.dir
      size: 3169651
      nfiles: 1
  clean_medquad:
    cmd: python -m src.processing.medquad_cleaning
    deps:
    - path: config/paths.py
      hash: md5
      md5: 7638e9d09281a203e700cb3da8c73596
      size: 325
    - path: src/processing/medquad_cleaning.py
      hash: md5
      md5: db9464c9cebe0ecbb858c09571cce02e
      size: 2340
    - path: src/processing/utils_cleaning.py
      hash: md5
      md5: 71dad86850b16c29c59d378497a4240d
      size: 13086
    outs:
    - path: data/processed/medquad_dataset
      hash: md5
      md5: e1ebe8f289fc5df1520ef69501174f2d.dir
      size: 8531828
      nfiles: 1
  clean_frenchmedmcqa:
    cmd: python -m src.processing.frenchmedmcqa_cleaning
    deps:
    - path: config/paths.py
      hash: md5
      md5: 7638e9d09281a203e700cb3da8c73596
      size: 325
    - path: src/processing/frenchmedmcqa_cleaning.py
      hash: md5
      md5: 54be6599dfdb5d18b5b84bf7a78c0dcd
      size: 3621
    - path: src/processing/utils_cleaning.py
      hash: md5
      md5: 71dad86850b16c29c59d378497a4240d
      size: 13086
    outs:
    - path: data/processed/frenchmedmcqa_dataset
      hash: md5
      md5: 07902a0b00403187408c12be89eda09d.dir
      size: 82510
      nfiles: 1
  clean_ultramed:
    cmd: python -m src.processing.ultramed_cleaning
    deps:
    - path: config/paths.py
      hash: md5
      md5: 7638e9d09281a203e700cb3da8c73596
      size: 325
    - path: src/processing/ultramed_cleaning.py
      hash: md5
      md5: 134c46c18f36ecacbc5588927867997b
      size: 5981
    - path: src/processing/utils_cleaning.py
      hash: md5
      md5: 71dad86850b16c29c59d378497a4240d
      size: 13086
    outs:
    - path: data/processed/ultramed_dataset
      hash: md5
      md5: 7714dda8cbb1c2b10abedf107ae01c48.dir
      size: 377718931
      nfiles: 2
  generate_sft:
    cmd: python -m src.processing.sft_dataset.generate_sft_dataset
    deps:
    - path: config/paths.py
      hash: md5
      md5: 7638e9d09281a203e700cb3da8c73596
      size: 325
    - path: data/processed/frenchmedmcqa_dataset
      hash: md5
      md5: 07902a0b00403187408c12be89eda09d.dir
      size: 82510
      nfiles: 1
    - path: data/processed/mediqal_dataset
      hash: md5
      md5: ed04e7a6cb5b5bdfbcddc1b6889d79b9.dir
      size: 3169651
      nfiles: 1
    - path: data/processed/medquad_dataset
      hash: md5
      md5: e1ebe8f289fc5df1520ef69501174f2d.dir
      size: 8531828
      nfiles: 1
    - path: data/processed/ultramed_dataset
      hash: md5
      md5: 7714dda8cbb1c2b10abedf107ae01c48.dir
      size: 377718931
      nfiles: 2
    - path: src/processing/sft_dataset/generate_sft_dataset.py
      hash: md5
      md5: b8c5d246b2fa8212dbcef5eef618ccfa
      size: 2620
    params:
      params.yaml:
        sft.random_state: 42
        sft.source_datasets:
        - mediqal_dataset/mediqal.parquet
        - frenchmedmcqa_dataset/frenchmedmcqa.parquet
        - medquad_dataset/medquad.parquet
        - ultramed_dataset/ultramed_SFT.parquet
        sft.target_samples: 5000
    outs:
    - path: data/processed/sft_dataset
      hash: md5
      md5: ffae6b3eab6ad16b44f8c55771a87e52.dir
      size: 6490808
      nfiles: 4
  generate_dpo:
    cmd: python -m src.processing.dpo_dataset.generate_dpo_dataset
    deps:
    - path: config/paths.py
      hash: md5
      md5: 7638e9d09281a203e700cb3da8c73596
      size: 325
    - path: data/processed/ultramed_dataset
      hash: md5
      md5: 7714dda8cbb1c2b10abedf107ae01c48.dir
      size: 377718931
      nfiles: 2
    - path: src/processing/dpo_dataset/generate_dpo_dataset.py
      hash: md5
      md5: 6741838443539bb36d82efd817ffbea2
      size: 2620
    params:
      params.yaml:
        dpo.random_state: 42
        dpo.source_datasets:
        - ultramed_dataset/ultramed_DPO.parquet
        dpo.target_samples: 5000
    outs:
    - path: data/processed/dpo_dataset
      hash: md5
      md5: 66458b9dbc19c50610cb2a77cb62af91.dir
      size: 24220714
      nfiles: 4
