schema: '2.0'
stages:
  clean_mediqal:
    cmd: python -m src.processing.mediqal_cleaning
    deps:
    - path: config/paths.py
      hash: md5
      md5: eb0ced629c8eb6a4fe1bf04d5a76a896
      size: 1264
    - path: src/processing/mediqal_cleaning.py
      hash: md5
      md5: 43243341594d2f22c71e4ae282eec606
      size: 6616
    - path: src/processing/utils_cleaning.py
      hash: md5
      md5: 66383d51abc2ce9ea372c9cb544569b5
      size: 16253
    outs:
    - path: data/processed/mediqal_dataset
      hash: md5
      md5: dd1a4a3fbc38725afa2066a9e10d15fd.dir
      size: 3863620
      nfiles: 1
  clean_medquad:
    cmd: python -m src.processing.medquad_cleaning
    deps:
    - path: config/paths.py
      hash: md5
      md5: eb0ced629c8eb6a4fe1bf04d5a76a896
      size: 1264
    - path: src/processing/medquad_cleaning.py
      hash: md5
      md5: 819de12a4a2419995dc77c09bee2b0eb
      size: 2259
    - path: src/processing/utils_cleaning.py
      hash: md5
      md5: 66383d51abc2ce9ea372c9cb544569b5
      size: 16253
    outs:
    - path: data/processed/medquad_dataset
      hash: md5
      md5: 42b83e6bf80cdd04285dc1bda8bb8b15.dir
      size: 8531884
      nfiles: 1
  clean_frenchmedmcqa:
    cmd: python -m src.processing.frenchmedmcqa_cleaning
    deps:
    - path: config/paths.py
      hash: md5
      md5: eb0ced629c8eb6a4fe1bf04d5a76a896
      size: 1264
    - path: src/processing/frenchmedmcqa_cleaning.py
      hash: md5
      md5: 09b661aec17daece71cb5a7ed351c905
      size: 3620
    - path: src/processing/utils_cleaning.py
      hash: md5
      md5: 66383d51abc2ce9ea372c9cb544569b5
      size: 16253
    outs:
    - path: data/processed/frenchmedmcqa_dataset
      hash: md5
      md5: 32df57a04b0d59147b6bbc8a8837a0fe.dir
      size: 82566
      nfiles: 1
  clean_ultramed:
    cmd: python -m src.processing.ultramed_cleaning
    deps:
    - path: config/paths.py
      hash: md5
      md5: eb0ced629c8eb6a4fe1bf04d5a76a896
      size: 1264
    - path: src/processing/ultramed_cleaning.py
      hash: md5
      md5: f0a360f9577cce29863357d1b420cf92
      size: 5996
    - path: src/processing/utils_cleaning.py
      hash: md5
      md5: 66383d51abc2ce9ea372c9cb544569b5
      size: 16253
    outs:
    - path: data/processed/ultramed_dataset
      hash: md5
      md5: dd78091340b6aef7631dc31cff29b630.dir
      size: 377721432
      nfiles: 2
  generate_sft:
    cmd: python -m src.processing.sft_dataset.generate_sft_dataset
    deps:
    - path: config/paths.py
      hash: md5
      md5: eb0ced629c8eb6a4fe1bf04d5a76a896
      size: 1264
    - path: data/processed/frenchmedmcqa_dataset
      hash: md5
      md5: 32df57a04b0d59147b6bbc8a8837a0fe.dir
      size: 82566
      nfiles: 1
    - path: data/processed/mediqal_dataset
      hash: md5
      md5: dd1a4a3fbc38725afa2066a9e10d15fd.dir
      size: 3863620
      nfiles: 1
    - path: data/processed/medquad_dataset
      hash: md5
      md5: 42b83e6bf80cdd04285dc1bda8bb8b15.dir
      size: 8531884
      nfiles: 1
    - path: data/processed/ultramed_dataset
      hash: md5
      md5: dd78091340b6aef7631dc31cff29b630.dir
      size: 377721432
      nfiles: 2
    - path: src/processing/sft_dataset/generate_sft_dataset.py
      hash: md5
      md5: fe159c77a4a418fd2307a3b2f8320896
      size: 4821
    - path: src/processing/utils_cleaning.py
      hash: md5
      md5: 66383d51abc2ce9ea372c9cb544569b5
      size: 16253
    params:
      params.yaml:
        sft.min_question_tokens: 15
        sft.random_state: 42
        sft.source_datasets:
        - mediqal_dataset/mediqal.parquet
        - frenchmedmcqa_dataset/frenchmedmcqa.parquet
        - medquad_dataset/medquad.parquet
        - ultramed_dataset/ultramed_SFT.parquet
        sft.target_samples: 5000
    outs:
    - path: data/processed/sft_dataset/sft_dataset.parquet
      hash: md5
      md5: d75b1918656f0d9f6e0b12a8d0a206d0
      size: 5444492
  generate_dpo:
    cmd: python -m src.processing.dpo_dataset.generate_dpo_dataset
    deps:
    - path: config/paths.py
      hash: md5
      md5: eed3e1d1e9478e90d9d29d5c24330ec1
      size: 895
    - path: data/processed/ultramed_dataset
      hash: md5
      md5: d6a5b0ab3dc0a4b4ce30ac8d191bf6fc.dir
      size: 377721304
      nfiles: 2
    - path: src/processing/dpo_dataset/generate_dpo_dataset.py
      hash: md5
      md5: 0d79c9f7b80cad31fca2ef3203c7d871
      size: 2703
    params:
      params.yaml:
        dpo.random_state: 42
        dpo.source_datasets:
        - ultramed_dataset/ultramed_DPO.parquet
        dpo.target_samples: 5000
    outs:
    - path: data/processed/dpo_dataset
      hash: md5
      md5: 382c0c3ce9f92875c5faf0f2f4b231c4.dir
      size: 24215983
      nfiles: 4
